
Microsoft Visual Studio Solution File, Format Version 12.00
# Visual Studio 15
VisualStudioVersion = 15.0.27130.2010
MinimumVisualStudioVersion = 10.0.40219.1
Project("{F184B08F-C81C-45F6-A57F-5ABD9991F28F}") = "Lemonade TycOOPn", "Lemonade TycOOPn\Lemonade TycOOPn.vbproj", "{F8178227-F387-4B98-B6D7-F037F380C17B}"
EndProject
Global
	GlobalSection(SolutionConfigurationPlatforms) = preSolution
		Debug|Any CPU = Debug|Any CPU
		Release|Any CPU = Release|Any CPU
	EndGlobalSection
	GlobalSection(ProjectConfigurationPlatforms) = postSolution
		{F8178227-F387-4B98-B6D7-F037F380C17B}.Debug|Any CPU.ActiveCfg = Debug|Any CPU
		{F8178227-F387-4B98-B6D7-F037F380C17B}.Debug|Any CPU.Build.0 = Debug|Any CPU
		{F8178227-F387-4B98-B6D7-F037F380C17B}.Release|Any CPU.ActiveCfg = Release|Any CPU
		{F8178227-F387-4B98-B6D7-F037F380C17B}.Release|Any CPU.Build.0 = Release|Any CPU
	EndGlobalSection
	GlobalSection(SolutionProperties) = preSolution
		HideSolutionNode = FALSE
	EndGlobalSection
	GlobalSection(ExtensibilityGlobals) = postSolution
		SolutionGuid = {63C58FF5-FFFA-4E8B-8001-18573F436D14}
	EndGlobalSection
EndGlobal
